
Microsoft Visual Studio Solution File, Format Version 12.00
# Visual Studio Version 17
VisualStudioVersion = 17.7.34221.43
MinimumVisualStudioVersion = 10.0.40219.1
Project("{FAE04EC0-301F-11D3-BF4B-00C04F79EFBC}") = "ExpenseTracker", "ExpenseTracker\ExpenseTracker.csproj", "{98532F3B-65C8-4A12-9B73-4E555ECE86DB}"
EndProject
Global
	GlobalSection(SolutionConfigurationPlatforms) = preSolution
		Debug|Any CPU = Debug|Any CPU
		Release|Any CPU = Release|Any CPU
	EndGlobalSection
	GlobalSection(ProjectConfigurationPlatforms) = postSolution
		{98532F3B-65C8-4A12-9B73-4E555ECE86DB}.Debug|Any CPU.ActiveCfg = Debug|Any CPU
		{98532F3B-65C8-4A12-9B73-4E555ECE86DB}.Debug|Any CPU.Build.0 = Debug|Any CPU
		{98532F3B-65C8-4A12-9B73-4E555ECE86DB}.Debug|Any CPU.Deploy.0 = Debug|Any CPU
		{98532F3B-65C8-4A12-9B73-4E555ECE86DB}.Release|Any CPU.ActiveCfg = Release|Any CPU
		{98532F3B-65C8-4A12-9B73-4E555ECE86DB}.Release|Any CPU.Build.0 = Release|Any CPU
		{98532F3B-65C8-4A12-9B73-4E555ECE86DB}.Release|Any CPU.Deploy.0 = Release|Any CPU
	EndGlobalSection
	GlobalSection(SolutionProperties) = preSolution
		HideSolutionNode = FALSE
	EndGlobalSection
	GlobalSection(ExtensibilityGlobals) = postSolution
		SolutionGuid = {6C4E4469-EDB6-4DCF-B481-C361BF7B1E9E}
	EndGlobalSection
EndGlobal
